
Microsoft Visual Studio Solution File, Format Version 12.00
# Visual Studio Version 16
VisualStudioVersion = 16.0.29609.76
MinimumVisualStudioVersion = 15.0.26124.0
Project("{2150E333-8FDC-42A3-9474-1A3956D46DE8}") = "src", "src", "{6B6722B0-4ED6-4568-A7E5-D6111669E180}"
EndProject
Project("{9A19103F-16F7-4668-BE54-9A1E7A4F7556}") = "IdentityServer", "src\IdentityServer\IdentityServer.csproj", "{0E92E625-D549-44F8-A368-C6D96D87E94D}"
EndProject
Project("{9A19103F-16F7-4668-BE54-9A1E7A4F7556}") = "Api", "src\Api\Api.csproj", "{8B35D41A-A6ED-4B02-92DA-C99B6131763D}"
EndProject
Project("{9A19103F-16F7-4668-BE54-9A1E7A4F7556}") = "Client", "src\Client\Client.csproj", "{5026C5DC-D1B2-4C10-8C48-940ACD90E527}"
EndProject
Project("{9A19103F-16F7-4668-BE54-9A1E7A4F7556}") = "MvcClient", "src\MvcClient\MvcClient.csproj", "{B74F9272-0D41-49F5-A7CE-E83B0C1834DB}"
EndProject
Project("{9A19103F-16F7-4668-BE54-9A1E7A4F7556}") = "JavaScriptClient", "src\JavaScriptClient\JavaScriptClient.csproj", "{63464C21-E902-45BC-BE1E-96B8A9B88490}"
EndProject
Global
	GlobalSection(SolutionConfigurationPlatforms) = preSolution
		Debug|Any CPU = Debug|Any CPU
		Debug|x64 = Debug|x64
		Debug|x86 = Debug|x86
		Release|Any CPU = Release|Any CPU
		Release|x64 = Release|x64
		Release|x86 = Release|x86
	EndGlobalSection
	GlobalSection(ProjectConfigurationPlatforms) = postSolution
		{0E92E625-D549-44F8-A368-C6D96D87E94D}.Debug|Any CPU.ActiveCfg = Debug|Any CPU
		{0E92E625-D549-44F8-A368-C6D96D87E94D}.Debug|Any CPU.Build.0 = Debug|Any CPU
		{0E92E625-D549-44F8-A368-C6D96D87E94D}.Debug|x64.ActiveCfg = Debug|Any CPU
		{0E92E625-D549-44F8-A368-C6D96D87E94D}.Debug|x64.Build.0 = Debug|Any CPU
		{0E92E625-D549-44F8-A368-C6D96D87E94D}.Debug|x86.ActiveCfg = Debug|Any CPU
		{0E92E625-D549-44F8-A368-C6D96D87E94D}.Debug|x86.Build.0 = Debug|Any CPU
		{0E92E625-D549-44F8-A368-C6D96D87E94D}.Release|Any CPU.ActiveCfg = Release|Any CPU
		{0E92E625-D549-44F8-A368-C6D96D87E94D}.Release|Any CPU.Build.0 = Release|Any CPU
		{0E92E625-D549-44F8-A368-C6D96D87E94D}.Release|x64.ActiveCfg = Release|Any CPU
		{0E92E625-D549-44F8-A368-C6D96D87E94D}.Release|x64.Build.0 = Release|Any CPU
		{0E92E625-D549-44F8-A368-C6D96D87E94D}.Release|x86.ActiveCfg = Release|Any CPU
		{0E92E625-D549-44F8-A368-C6D96D87E94D}.Release|x86.Build.0 = Release|Any CPU
		{8B35D41A-A6ED-4B02-92DA-C99B6131763D}.Debug|Any CPU.ActiveCfg = Debug|Any CPU
		{8B35D41A-A6ED-4B02-92DA-C99B6131763D}.Debug|Any CPU.Build.0 = Debug|Any CPU
		{8B35D41A-A6ED-4B02-92DA-C99B6131763D}.Debug|x64.ActiveCfg = Debug|Any CPU
		{8B35D41A-A6ED-4B02-92DA-C99B6131763D}.Debug|x64.Build.0 = Debug|Any CPU
		{8B35D41A-A6ED-4B02-92DA-C99B6131763D}.Debug|x86.ActiveCfg = Debug|Any CPU
		{8B35D41A-A6ED-4B02-92DA-C99B6131763D}.Debug|x86.Build.0 = Debug|Any CPU
		{8B35D41A-A6ED-4B02-92DA-C99B6131763D}.Release|Any CPU.ActiveCfg = Release|Any CPU
		{8B35D41A-A6ED-4B02-92DA-C99B6131763D}.Release|Any CPU.Build.0 = Release|Any CPU
		{8B35D41A-A6ED-4B02-92DA-C99B6131763D}.Release|x64.ActiveCfg = Release|Any CPU
		{8B35D41A-A6ED-4B02-92DA-C99B6131763D}.Release|x64.Build.0 = Release|Any CPU
		{8B35D41A-A6ED-4B02-92DA-C99B6131763D}.Release|x86.ActiveCfg = Release|Any CPU
		{8B35D41A-A6ED-4B02-92DA-C99B6131763D}.Release|x86.Build.0 = Release|Any CPU
		{5026C5DC-D1B2-4C10-8C48-940ACD90E527}.Debug|Any CPU.ActiveCfg = Debug|Any CPU
		{5026C5DC-D1B2-4C10-8C48-940ACD90E527}.Debug|Any CPU.Build.0 = Debug|Any CPU
		{5026C5DC-D1B2-4C10-8C48-940ACD90E527}.Debug|x64.ActiveCfg = Debug|Any CPU
		{5026C5DC-D1B2-4C10-8C48-940ACD90E527}.Debug|x64.Build.0 = Debug|Any CPU
		{5026C5DC-D1B2-4C10-8C48-940ACD90E527}.Debug|x86.ActiveCfg = Debug|Any CPU
		{5026C5DC-D1B2-4C10-8C48-940ACD90E527}.Debug|x86.Build.0 = Debug|Any CPU
		{5026C5DC-D1B2-4C10-8C48-940ACD90E527}.Release|Any CPU.ActiveCfg = Release|Any CPU
		{5026C5DC-D1B2-4C10-8C48-940ACD90E527}.Release|Any CPU.Build.0 = Release|Any CPU
		{5026C5DC-D1B2-4C10-8C48-940ACD90E527}.Release|x64.ActiveCfg = Release|Any CPU
		{5026C5DC-D1B2-4C10-8C48-940ACD90E527}.Release|x64.Build.0 = Release|Any CPU
		{5026C5DC-D1B2-4C10-8C48-940ACD90E527}.Release|x86.ActiveCfg = Release|Any CPU
		{5026C5DC-D1B2-4C10-8C48-940ACD90E527}.Release|x86.Build.0 = Release|Any CPU
		{B74F9272-0D41-49F5-A7CE-E83B0C1834DB}.Debug|Any CPU.ActiveCfg = Debug|Any CPU
		{B74F9272-0D41-49F5-A7CE-E83B0C1834DB}.Debug|Any CPU.Build.0 = Debug|Any CPU
		{B74F9272-0D41-49F5-A7CE-E83B0C1834DB}.Debug|x64.ActiveCfg = Debug|Any CPU
		{B74F9272-0D41-49F5-A7CE-E83B0C1834DB}.Debug|x64.Build.0 = Debug|Any CPU
		{B74F9272-0D41-49F5-A7CE-E83B0C1834DB}.Debug|x86.ActiveCfg = Debug|Any CPU
		{B74F9272-0D41-49F5-A7CE-E83B0C1834DB}.Debug|x86.Build.0 = Debug|Any CPU
		{B74F9272-0D41-49F5-A7CE-E83B0C1834DB}.Release|Any CPU.ActiveCfg = Release|Any CPU
		{B74F9272-0D41-49F5-A7CE-E83B0C1834DB}.Release|Any CPU.Build.0 = Release|Any CPU
		{B74F9272-0D41-49F5-A7CE-E83B0C1834DB}.Release|x64.ActiveCfg = Release|Any CPU
		{B74F9272-0D41-49F5-A7CE-E83B0C1834DB}.Release|x64.Build.0 = Release|Any CPU
		{B74F9272-0D41-49F5-A7CE-E83B0C1834DB}.Release|x86.ActiveCfg = Release|Any CPU
		{B74F9272-0D41-49F5-A7CE-E83B0C1834DB}.Release|x86.Build.0 = Release|Any CPU
		{63464C21-E902-45BC-BE1E-96B8A9B88490}.Debug|Any CPU.ActiveCfg = Debug|Any CPU
		{63464C21-E902-45BC-BE1E-96B8A9B88490}.Debug|Any CPU.Build.0 = Debug|Any CPU
		{63464C21-E902-45BC-BE1E-96B8A9B88490}.Debug|x64.ActiveCfg = Debug|Any CPU
		{63464C21-E902-45BC-BE1E-96B8A9B88490}.Debug|x64.Build.0 = Debug|Any CPU
		{63464C21-E902-45BC-BE1E-96B8A9B88490}.Debug|x86.ActiveCfg = Debug|Any CPU
		{63464C21-E902-45BC-BE1E-96B8A9B88490}.Debug|x86.Build.0 = Debug|Any CPU
		{63464C21-E902-45BC-BE1E-96B8A9B88490}.Release|Any CPU.ActiveCfg = Release|Any CPU
		{63464C21-E902-45BC-BE1E-96B8A9B88490}.Release|Any CPU.Build.0 = Release|Any CPU
		{63464C21-E902-45BC-BE1E-96B8A9B88490}.Release|x64.ActiveCfg = Release|Any CPU
		{63464C21-E902-45BC-BE1E-96B8A9B88490}.Release|x64.Build.0 = Release|Any CPU
		{63464C21-E902-45BC-BE1E-96B8A9B88490}.Release|x86.ActiveCfg = Release|Any CPU
		{63464C21-E902-45BC-BE1E-96B8A9B88490}.Release|x86.Build.0 = Release|Any CPU
	EndGlobalSection
	GlobalSection(SolutionProperties) = preSolution
		HideSolutionNode = FALSE
	EndGlobalSection
	GlobalSection(NestedProjects) = preSolution
		{0E92E625-D549-44F8-A368-C6D96D87E94D} = {6B6722B0-4ED6-4568-A7E5-D6111669E180}
		{8B35D41A-A6ED-4B02-92DA-C99B6131763D} = {6B6722B0-4ED6-4568-A7E5-D6111669E180}
		{5026C5DC-D1B2-4C10-8C48-940ACD90E527} = {6B6722B0-4ED6-4568-A7E5-D6111669E180}
		{B74F9272-0D41-49F5-A7CE-E83B0C1834DB} = {6B6722B0-4ED6-4568-A7E5-D6111669E180}
		{63464C21-E902-45BC-BE1E-96B8A9B88490} = {6B6722B0-4ED6-4568-A7E5-D6111669E180}
	EndGlobalSection
	GlobalSection(ExtensibilityGlobals) = postSolution
		SolutionGuid = {8A0F144D-C276-40E3-9EDC-D9872BAEB3A8}
	EndGlobalSection
EndGlobal
